
Microsoft Visual Studio Solution File, Format Version 12.00
# Visual Studio Version 16
VisualStudioVersion = 16.0.32901.82
MinimumVisualStudioVersion = 10.0.40219.1
Project("{8BC9CEB8-8B4A-11D0-8D11-00A0C91BC942}") = "P012_Matrices", "P012_Matrices.vcxproj", "{FA5F4A89-899C-42C8-8873-2F57EC44A63F}"
EndProject
Global
	GlobalSection(SolutionConfigurationPlatforms) = preSolution
		Debug|x64 = Debug|x64
		Debug|x86 = Debug|x86
		Release|x64 = Release|x64
		Release|x86 = Release|x86
	EndGlobalSection
	GlobalSection(ProjectConfigurationPlatforms) = postSolution
		{FA5F4A89-899C-42C8-8873-2F57EC44A63F}.Debug|x64.ActiveCfg = Debug|x64
		{FA5F4A89-899C-42C8-8873-2F57EC44A63F}.Debug|x64.Build.0 = Debug|x64
		{FA5F4A89-899C-42C8-8873-2F57EC44A63F}.Debug|x86.ActiveCfg = Debug|Win32
		{FA5F4A89-899C-42C8-8873-2F57EC44A63F}.Debug|x86.Build.0 = Debug|Win32
		{FA5F4A89-899C-42C8-8873-2F57EC44A63F}.Release|x64.ActiveCfg = Release|x64
		{FA5F4A89-899C-42C8-8873-2F57EC44A63F}.Release|x64.Build.0 = Release|x64
		{FA5F4A89-899C-42C8-8873-2F57EC44A63F}.Release|x86.ActiveCfg = Release|Win32
		{FA5F4A89-899C-42C8-8873-2F57EC44A63F}.Release|x86.Build.0 = Release|Win32
	EndGlobalSection
	GlobalSection(SolutionProperties) = preSolution
		HideSolutionNode = FALSE
	EndGlobalSection
	GlobalSection(ExtensibilityGlobals) = postSolution
		SolutionGuid = {78FB2868-2330-4422-8414-403E50EAAED3}
	EndGlobalSection
EndGlobal
